
Microsoft Visual Studio Solution File, Format Version 12.00
# Visual Studio Version 17
VisualStudioVersion = 17.7.34031.279
MinimumVisualStudioVersion = 10.0.40219.1
Project("{FAE04EC0-301F-11D3-BF4B-00C04F79EFBC}") = "game visual novel", "game visual novel\game visual novel.csproj", "{404248F8-7069-4C60-96F8-B74AE058C56B}"
EndProject
Global
	GlobalSection(SolutionConfigurationPlatforms) = preSolution
		Debug|Any CPU = Debug|Any CPU
		Release|Any CPU = Release|Any CPU
	EndGlobalSection
	GlobalSection(ProjectConfigurationPlatforms) = postSolution
		{404248F8-7069-4C60-96F8-B74AE058C56B}.Debug|Any CPU.ActiveCfg = Debug|Any CPU
		{404248F8-7069-4C60-96F8-B74AE058C56B}.Debug|Any CPU.Build.0 = Debug|Any CPU
		{404248F8-7069-4C60-96F8-B74AE058C56B}.Release|Any CPU.ActiveCfg = Release|Any CPU
		{404248F8-7069-4C60-96F8-B74AE058C56B}.Release|Any CPU.Build.0 = Release|Any CPU
	EndGlobalSection
	GlobalSection(SolutionProperties) = preSolution
		HideSolutionNode = FALSE
	EndGlobalSection
	GlobalSection(ExtensibilityGlobals) = postSolution
		SolutionGuid = {1FDD62FC-0C85-4AC7-B470-8A445FC34278}
	EndGlobalSection
EndGlobal
